github.com/tobiashort/ansi v0.0.0-20250409185037-898402ec015c h1:cmT465ETY9tRmU0hmvomHUZXPxDfI0UMw0AFd6fLK08=
github.com/tobiashort/ansi v0.0.0-20250409185037-898402ec015c/go.mod h1:b2WFClnpZoiubreCPu38KwTIBZIMxFTuejr1fsQL9U8=
github.com/tobiashort/isatty v0.0.0-20250418132835-4b46a376688b h1:y7mn0rxY+ro+i1fXb9vo0NSLRtbMPRKMwTtM8gXuJNw=
github.com/tobiashort/isatty v0.0.0-20250418132835-4b46a376688b/go.mod h1:owWnfksJ7ex/zNs38gqmqyKJ7JcmT7qbGOC08Dvvi8U=
golang.org/x/sys v0.32.0 h1:s77OFDvIQeibCmezSnk/q6iAfkdiQaJi4VzroCFrN20=
golang.org/x/sys v0.32.0/go.mod h1:BJP2sWEmIv4KK5OTEluFJCKSidICx8ciO85XgH3Ak8k=
golang.org/x/term v0.31.0 h1:erwDkOK1Msy6offm1mOgvspSkslFnIGsFnxOKoufg3o=
golang.org/x/term v0.31.0/go.mod h1:R4BeIy7D95HzImkxGkTW1UQTtP54tio2RyHz7PwK0aw=
